
Microsoft Visual Studio Solution File, Format Version 12.00
# Visual Studio 2013
VisualStudioVersion = 12.0.31101.0
MinimumVisualStudioVersion = 10.0.40219.1
Project("{BBD0F5D1-1CC4-42FD-BA4C-A96779C64378}") = "WcfServiceLibrary", "WcfServiceLibrary\WcfServiceLibrary.synproj", "{200A4015-8BF6-4E25-A80E-D0C5F1B1C61E}"
EndProject
Project("{2150E333-8FDC-42A3-9474-1A3956D46DE8}") = "Solution Items", "Solution Items", "{5F6CB391-E519-433D-A341-FD00E1D7A31B}"
	ProjectSection(SolutionItems) = preProject
		readme.txt = readme.txt
		regen.bat = regen.bat
	EndProjectSection
EndProject
Project("{2150E333-8FDC-42A3-9474-1A3956D46DE8}") = "Templates", "Templates", "{66C67D32-B695-4B7B-AFE2-6BFB59C29DC8}"
	ProjectSection(SolutionItems) = preProject
		templates\CRUD.tpl = templates\CRUD.tpl
		templates\CRUDInterface.tpl = templates\CRUDInterface.tpl
		templates\CRUDInterfaceBase.tpl = templates\CRUDInterfaceBase.tpl
		templates\CRUDService.tpl = templates\CRUDService.tpl
		templates\CRUDServiceBase.tpl = templates\CRUDServiceBase.tpl
		templates\DataClass.tpl = templates\DataClass.tpl
		templates\DataUtils.tpl = templates\DataUtils.tpl
		templates\DataWrapper.tpl = templates\DataWrapper.tpl
		templates\MethodStatus.tpl = templates\MethodStatus.tpl
		templates\SynergyEnvironment.tpl = templates\SynergyEnvironment.tpl
	EndProjectSection
EndProject
Project("{BBD0F5D1-1CC4-42FD-BA4C-A96779C64378}") = "ServiceHost", "ServiceHost\ServiceHost.synproj", "{4BC136BC-6707-4222-B156-1554E244B4EF}"
EndProject
Project("{BBD0F5D1-1CC4-42FD-BA4C-A96779C64378}") = "PartsSystem", "PartsSystem\PartsSystem.synproj", "{EC5ADE07-8B6A-461A-98BB-F5C09874FF40}"
EndProject
Project("{BBD0F5D1-1CC4-42FD-BA4C-A96779C64378}") = "AppDomainProtection", "AppDomainProtection\AppDomainProtection.synproj", "{730CAC09-E5CF-441C-80D0-F0623ED1ADBB}"
EndProject
Project("{BBD0F5D1-1CC4-42FD-BA4C-A96779C64378}") = "TestClient", "TestClient\TestClient.synproj", "{A562EF76-4746-4B0B-8AA0-BE4C81F3CBD7}"
	ProjectSection(ProjectDependencies) = postProject
		{1D84232C-7220-4FDE-B006-796667D515A3} = {1D84232C-7220-4FDE-B006-796667D515A3}
	EndProjectSection
EndProject
Project("{FAE04EC0-301F-11D3-BF4B-00C04F79EFBC}") = "AppDomainProtectionCore", "AppDomainProtectionCore\AppDomainProtectionCore.csproj", "{7169E122-BCEE-43CB-81E9-DB45C7937475}"
EndProject
Project("{FAE04EC0-301F-11D3-BF4B-00C04F79EFBC}") = "WebHost", "WebHost\WebHost.csproj", "{1D84232C-7220-4FDE-B006-796667D515A3}"
EndProject
Global
	GlobalSection(SolutionConfigurationPlatforms) = preSolution
		Debug|Any CPU = Debug|Any CPU
		Release|Any CPU = Release|Any CPU
	EndGlobalSection
	GlobalSection(ProjectConfigurationPlatforms) = postSolution
		{200A4015-8BF6-4E25-A80E-D0C5F1B1C61E}.Debug|Any CPU.ActiveCfg = Debug|Any CPU
		{200A4015-8BF6-4E25-A80E-D0C5F1B1C61E}.Debug|Any CPU.Build.0 = Debug|Any CPU
		{200A4015-8BF6-4E25-A80E-D0C5F1B1C61E}.Release|Any CPU.ActiveCfg = Release|Any CPU
		{200A4015-8BF6-4E25-A80E-D0C5F1B1C61E}.Release|Any CPU.Build.0 = Release|Any CPU
		{4BC136BC-6707-4222-B156-1554E244B4EF}.Debug|Any CPU.ActiveCfg = Debug|Any CPU
		{4BC136BC-6707-4222-B156-1554E244B4EF}.Debug|Any CPU.Build.0 = Debug|Any CPU
		{4BC136BC-6707-4222-B156-1554E244B4EF}.Release|Any CPU.ActiveCfg = Release|Any CPU
		{4BC136BC-6707-4222-B156-1554E244B4EF}.Release|Any CPU.Build.0 = Release|Any CPU
		{EC5ADE07-8B6A-461A-98BB-F5C09874FF40}.Debug|Any CPU.ActiveCfg = Debug|Any CPU
		{EC5ADE07-8B6A-461A-98BB-F5C09874FF40}.Debug|Any CPU.Build.0 = Debug|Any CPU
		{EC5ADE07-8B6A-461A-98BB-F5C09874FF40}.Release|Any CPU.ActiveCfg = Release|Any CPU
		{EC5ADE07-8B6A-461A-98BB-F5C09874FF40}.Release|Any CPU.Build.0 = Release|Any CPU
		{730CAC09-E5CF-441C-80D0-F0623ED1ADBB}.Debug|Any CPU.ActiveCfg = Debug|Any CPU
		{730CAC09-E5CF-441C-80D0-F0623ED1ADBB}.Debug|Any CPU.Build.0 = Debug|Any CPU
		{730CAC09-E5CF-441C-80D0-F0623ED1ADBB}.Release|Any CPU.ActiveCfg = Release|Any CPU
		{730CAC09-E5CF-441C-80D0-F0623ED1ADBB}.Release|Any CPU.Build.0 = Release|Any CPU
		{A562EF76-4746-4B0B-8AA0-BE4C81F3CBD7}.Debug|Any CPU.ActiveCfg = Debug|Any CPU
		{A562EF76-4746-4B0B-8AA0-BE4C81F3CBD7}.Debug|Any CPU.Build.0 = Debug|Any CPU
		{A562EF76-4746-4B0B-8AA0-BE4C81F3CBD7}.Release|Any CPU.ActiveCfg = Release|Any CPU
		{A562EF76-4746-4B0B-8AA0-BE4C81F3CBD7}.Release|Any CPU.Build.0 = Release|Any CPU
		{7169E122-BCEE-43CB-81E9-DB45C7937475}.Debug|Any CPU.ActiveCfg = Debug|Any CPU
		{7169E122-BCEE-43CB-81E9-DB45C7937475}.Debug|Any CPU.Build.0 = Debug|Any CPU
		{7169E122-BCEE-43CB-81E9-DB45C7937475}.Release|Any CPU.ActiveCfg = Release|Any CPU
		{7169E122-BCEE-43CB-81E9-DB45C7937475}.Release|Any CPU.Build.0 = Release|Any CPU
		{1D84232C-7220-4FDE-B006-796667D515A3}.Debug|Any CPU.ActiveCfg = Debug|Any CPU
		{1D84232C-7220-4FDE-B006-796667D515A3}.Debug|Any CPU.Build.0 = Debug|Any CPU
		{1D84232C-7220-4FDE-B006-796667D515A3}.Release|Any CPU.ActiveCfg = Release|Any CPU
		{1D84232C-7220-4FDE-B006-796667D515A3}.Release|Any CPU.Build.0 = Release|Any CPU
	EndGlobalSection
	GlobalSection(SolutionProperties) = preSolution
		HideSolutionNode = FALSE
	EndGlobalSection
EndGlobal
